
Microsoft Visual Studio Solution File, Format Version 12.00
# Visual Studio 15
VisualStudioVersion = 15.0.27130.2027
MinimumVisualStudioVersion = 10.0.40219.1
Project("{FAE04EC0-301F-11D3-BF4B-00C04F79EFBC}") = "FizzBuzz", "FizzBuzz\FizzBuzz.csproj", "{142CF7CA-5B12-4BAA-B715-CD4216F1C878}"
EndProject
Project("{FAE04EC0-301F-11D3-BF4B-00C04F79EFBC}") = "FizzBuzzLibrary", "FizzBuzzLibrary\FizzBuzzLibrary.csproj", "{7962E060-8378-4BDE-B8D5-872ADB016628}"
EndProject
Project("{FAE04EC0-301F-11D3-BF4B-00C04F79EFBC}") = "FizzBuzz.Library.Tests", "FizzBuzz.Library.Tests\FizzBuzz.Library.Tests.csproj", "{93442D76-FD41-410C-B6DB-E32247462D46}"
EndProject
Global
	GlobalSection(SolutionConfigurationPlatforms) = preSolution
		Debug|Any CPU = Debug|Any CPU
		Release|Any CPU = Release|Any CPU
	EndGlobalSection
	GlobalSection(ProjectConfigurationPlatforms) = postSolution
		{142CF7CA-5B12-4BAA-B715-CD4216F1C878}.Debug|Any CPU.ActiveCfg = Debug|Any CPU
		{142CF7CA-5B12-4BAA-B715-CD4216F1C878}.Debug|Any CPU.Build.0 = Debug|Any CPU
		{142CF7CA-5B12-4BAA-B715-CD4216F1C878}.Release|Any CPU.ActiveCfg = Release|Any CPU
		{142CF7CA-5B12-4BAA-B715-CD4216F1C878}.Release|Any CPU.Build.0 = Release|Any CPU
		{7962E060-8378-4BDE-B8D5-872ADB016628}.Debug|Any CPU.ActiveCfg = Debug|Any CPU
		{7962E060-8378-4BDE-B8D5-872ADB016628}.Debug|Any CPU.Build.0 = Debug|Any CPU
		{7962E060-8378-4BDE-B8D5-872ADB016628}.Release|Any CPU.ActiveCfg = Release|Any CPU
		{7962E060-8378-4BDE-B8D5-872ADB016628}.Release|Any CPU.Build.0 = Release|Any CPU
		{93442D76-FD41-410C-B6DB-E32247462D46}.Debug|Any CPU.ActiveCfg = Debug|Any CPU
		{93442D76-FD41-410C-B6DB-E32247462D46}.Debug|Any CPU.Build.0 = Debug|Any CPU
		{93442D76-FD41-410C-B6DB-E32247462D46}.Release|Any CPU.ActiveCfg = Release|Any CPU
		{93442D76-FD41-410C-B6DB-E32247462D46}.Release|Any CPU.Build.0 = Release|Any CPU
	EndGlobalSection
	GlobalSection(SolutionProperties) = preSolution
		HideSolutionNode = FALSE
	EndGlobalSection
	GlobalSection(ExtensibilityGlobals) = postSolution
		SolutionGuid = {044585A9-2213-4791-A428-836C8741F8EE}
	EndGlobalSection
EndGlobal
